// !$*UTF8*$!
{
	archiveVersion = 1;
	classes = {
	};
	objectVersion = 45;
	objects = {

/* Begin PBXAggregateTarget section */
		24416B8111C4CA220047AFDD /* Build & Test */ = {
			isa = PBXAggregateTarget;
			buildConfigurationList = 24416B8A11C4CA520047AFDD /* Build configuration list for PBXAggregateTarget "Build & Test" */;
			buildPhases = (
				24416B8011C4CA220047AFDD /* ShellScript */,
			);
			dependencies = (
				24416B8511C4CA280047AFDD /* PBXTargetDependency */,
			);
			name = "Build & Test";
			productName = "Build & test";
		};
/* End PBXAggregateTarget section */

/* Begin PBXBuildFile section */
		24DD6CF91134B3F500162E58 /* TiOnetokModule.h in Headers */ = {isa = PBXBuildFile; fileRef = 24DD6CF71134B3F500162E58 /* TiOnetokModule.h */; };
		24DD6CFA1134B3F500162E58 /* TiOnetokModule.m in Sources */ = {isa = PBXBuildFile; fileRef = 24DD6CF81134B3F500162E58 /* TiOnetokModule.m */; };
		24DE9E1111C5FE74003F90F6 /* TiOnetokModuleAssets.h in Headers */ = {isa = PBXBuildFile; fileRef = 24DE9E0F11C5FE74003F90F6 /* TiOnetokModuleAssets.h */; };
		24DE9E1211C5FE74003F90F6 /* TiOnetokModuleAssets.m in Sources */ = {isa = PBXBuildFile; fileRef = 24DE9E1011C5FE74003F90F6 /* TiOnetokModuleAssets.m */; };
		4311A77615CF27DE008C7BA8 /* AudioToolbox.framework in Frameworks */ = {isa = PBXBuildFile; fileRef = 4311A77315CF27DE008C7BA8 /* AudioToolbox.framework */; };
		4311A77815CF27DE008C7BA8 /* CoreAudio.framework in Frameworks */ = {isa = PBXBuildFile; fileRef = 4311A77515CF27DE008C7BA8 /* CoreAudio.framework */; };
		4311A77B15CF2A92008C7BA8 /* AudioUnit.framework in Frameworks */ = {isa = PBXBuildFile; fileRef = 4311A77A15CF2A92008C7BA8 /* AudioUnit.framework */; };
		43424FFF16C41D39001104FB /* AnalysisResult.h in Headers */ = {isa = PBXBuildFile; fileRef = 43424FF016C41D39001104FB /* AnalysisResult.h */; };
		4342500016C41D39001104FB /* AudioProcessingPipeline.h in Headers */ = {isa = PBXBuildFile; fileRef = 43424FF116C41D39001104FB /* AudioProcessingPipeline.h */; };
		4342500116C41D39001104FB /* AudioRecordingProcessor.h in Headers */ = {isa = PBXBuildFile; fileRef = 43424FF216C41D39001104FB /* AudioRecordingProcessor.h */; };
		4342500216C41D39001104FB /* AuthenticationToken.h in Headers */ = {isa = PBXBuildFile; fileRef = 43424FF316C41D39001104FB /* AuthenticationToken.h */; };
		4342500316C41D39001104FB /* NetworkContext.h in Headers */ = {isa = PBXBuildFile; fileRef = 43424FF416C41D39001104FB /* NetworkContext.h */; };
		4342500416C41D39001104FB /* NetworkServicesProvider.h in Headers */ = {isa = PBXBuildFile; fileRef = 43424FF516C41D39001104FB /* NetworkServicesProvider.h */; };
		4342500516C41D39001104FB /* NetworkTransferProvider.h in Headers */ = {isa = PBXBuildFile; fileRef = 43424FF616C41D39001104FB /* NetworkTransferProvider.h */; };
		4342500616C41D39001104FB /* OneTok.h in Headers */ = {isa = PBXBuildFile; fileRef = 43424FF716C41D39001104FB /* OneTok.h */; };
		4342500716C41D39001104FB /* OneTokEventsListener.h in Headers */ = {isa = PBXBuildFile; fileRef = 43424FF816C41D39001104FB /* OneTokEventsListener.h */; };
		4342500816C41D39001104FB /* OneTokException.h in Headers */ = {isa = PBXBuildFile; fileRef = 43424FF916C41D39001104FB /* OneTokException.h */; };
		4342500916C41D39001104FB /* OneTokObjectsProxy.h in Headers */ = {isa = PBXBuildFile; fileRef = 43424FFA16C41D39001104FB /* OneTokObjectsProxy.h */; };
		4342500A16C41D39001104FB /* PreferencesManager.h in Headers */ = {isa = PBXBuildFile; fileRef = 43424FFB16C41D39001104FB /* PreferencesManager.h */; };
		4342500B16C41D39001104FB /* RecordingSession.h in Headers */ = {isa = PBXBuildFile; fileRef = 43424FFC16C41D39001104FB /* RecordingSession.h */; };
		4342500C16C41D39001104FB /* SpeexEncoder.h in Headers */ = {isa = PBXBuildFile; fileRef = 43424FFD16C41D39001104FB /* SpeexEncoder.h */; };
		4342500D16C41D39001104FB /* WebRtcPreprocessor.h in Headers */ = {isa = PBXBuildFile; fileRef = 43424FFE16C41D39001104FB /* WebRtcPreprocessor.h */; };
		436571FC15CEC08500EE1B9B /* OnetokCustomObjects.h in Headers */ = {isa = PBXBuildFile; fileRef = 436571FA15CEC08500EE1B9B /* OnetokCustomObjects.h */; };
		436571FD15CEC08500EE1B9B /* OnetokCustomObjects.m in Sources */ = {isa = PBXBuildFile; fileRef = 436571FB15CEC08500EE1B9B /* OnetokCustomObjects.m */; };
		43A6BDB715CB2CB800A1BE92 /* libonetoksdk.iphoneos.a in Frameworks */ = {isa = PBXBuildFile; fileRef = 43A6BDB315CB2CB800A1BE92 /* libonetoksdk.iphoneos.a */; };
		43A6BDB915CB2CB800A1BE92 /* librestclient.iphoneos.a in Frameworks */ = {isa = PBXBuildFile; fileRef = 43A6BDB515CB2CB800A1BE92 /* librestclient.iphoneos.a */; };
		43A6BDBE15CB2D3000A1BE92 /* TiOnetokSessionProxy.h in Headers */ = {isa = PBXBuildFile; fileRef = 43A6BDBC15CB2D3000A1BE92 /* TiOnetokSessionProxy.h */; };
		43A6BDBF15CB2D3000A1BE92 /* TiOnetokSessionProxy.m in Sources */ = {isa = PBXBuildFile; fileRef = 43A6BDBD15CB2D3000A1BE92 /* TiOnetokSessionProxy.m */; };
		AA747D9F0F9514B9006C5449 /* TiOnetok_Prefix.pch in Headers */ = {isa = PBXBuildFile; fileRef = AA747D9E0F9514B9006C5449 /* TiOnetok_Prefix.pch */; };
		AACBBE4A0F95108600F1A2B1 /* Foundation.framework in Frameworks */ = {isa = PBXBuildFile; fileRef = AACBBE490F95108600F1A2B1 /* Foundation.framework */; };
/* End PBXBuildFile section */

/* Begin PBXContainerItemProxy section */
		24416B8411C4CA280047AFDD /* PBXContainerItemProxy */ = {
			isa = PBXContainerItemProxy;
			containerPortal = 0867D690FE84028FC02AAC07 /* Project object */;
			proxyType = 1;
			remoteGlobalIDString = D2AAC07D0554694100DB518D;
			remoteInfo = onetok;
		};
/* End PBXContainerItemProxy section */

/* Begin PBXFileReference section */
		24DD6CF71134B3F500162E58 /* TiOnetokModule.h */ = {isa = PBXFileReference; fileEncoding = 4; lastKnownFileType = sourcecode.c.h; name = TiOnetokModule.h; path = Classes/TiOnetokModule.h; sourceTree = "<group>"; };
		24DD6CF81134B3F500162E58 /* TiOnetokModule.m */ = {isa = PBXFileReference; fileEncoding = 4; lastKnownFileType = sourcecode.c.objc; name = TiOnetokModule.m; path = Classes/TiOnetokModule.m; sourceTree = "<group>"; };
		24DD6D1B1134B66800162E58 /* titanium.xcconfig */ = {isa = PBXFileReference; fileEncoding = 4; lastKnownFileType = text.xcconfig; path = titanium.xcconfig; sourceTree = "<group>"; };
		24DE9E0F11C5FE74003F90F6 /* TiOnetokModuleAssets.h */ = {isa = PBXFileReference; fileEncoding = 4; lastKnownFileType = sourcecode.c.h; name = TiOnetokModuleAssets.h; path = Classes/TiOnetokModuleAssets.h; sourceTree = "<group>"; };
		24DE9E1011C5FE74003F90F6 /* TiOnetokModuleAssets.m */ = {isa = PBXFileReference; fileEncoding = 4; lastKnownFileType = sourcecode.c.objc; name = TiOnetokModuleAssets.m; path = Classes/TiOnetokModuleAssets.m; sourceTree = "<group>"; };
		4311A77315CF27DE008C7BA8 /* AudioToolbox.framework */ = {isa = PBXFileReference; lastKnownFileType = wrapper.framework; name = AudioToolbox.framework; path = System/Library/Frameworks/AudioToolbox.framework; sourceTree = SDKROOT; };
		4311A77515CF27DE008C7BA8 /* CoreAudio.framework */ = {isa = PBXFileReference; lastKnownFileType = wrapper.framework; name = CoreAudio.framework; path = System/Library/Frameworks/CoreAudio.framework; sourceTree = SDKROOT; };
		4311A77A15CF2A92008C7BA8 /* AudioUnit.framework */ = {isa = PBXFileReference; lastKnownFileType = wrapper.framework; name = AudioUnit.framework; path = System/Library/Frameworks/AudioUnit.framework; sourceTree = SDKROOT; };
		43424FF016C41D39001104FB /* AnalysisResult.h */ = {isa = PBXFileReference; fileEncoding = 4; lastKnownFileType = sourcecode.c.h; path = AnalysisResult.h; sourceTree = "<group>"; };
		43424FF116C41D39001104FB /* AudioProcessingPipeline.h */ = {isa = PBXFileReference; fileEncoding = 4; lastKnownFileType = sourcecode.c.h; path = AudioProcessingPipeline.h; sourceTree = "<group>"; };
		43424FF216C41D39001104FB /* AudioRecordingProcessor.h */ = {isa = PBXFileReference; fileEncoding = 4; lastKnownFileType = sourcecode.c.h; path = AudioRecordingProcessor.h; sourceTree = "<group>"; };
		43424FF316C41D39001104FB /* AuthenticationToken.h */ = {isa = PBXFileReference; fileEncoding = 4; lastKnownFileType = sourcecode.c.h; path = AuthenticationToken.h; sourceTree = "<group>"; };
		43424FF416C41D39001104FB /* NetworkContext.h */ = {isa = PBXFileReference; fileEncoding = 4; lastKnownFileType = sourcecode.c.h; path = NetworkContext.h; sourceTree = "<group>"; };
		43424FF516C41D39001104FB /* NetworkServicesProvider.h */ = {isa = PBXFileReference; fileEncoding = 4; lastKnownFileType = sourcecode.c.h; path = NetworkServicesProvider.h; sourceTree = "<group>"; };
		43424FF616C41D39001104FB /* NetworkTransferProvider.h */ = {isa = PBXFileReference; fileEncoding = 4; lastKnownFileType = sourcecode.c.h; path = NetworkTransferProvider.h; sourceTree = "<group>"; };
		43424FF716C41D39001104FB /* OneTok.h */ = {isa = PBXFileReference; fileEncoding = 4; lastKnownFileType = sourcecode.c.h; path = OneTok.h; sourceTree = "<group>"; };
		43424FF816C41D39001104FB /* OneTokEventsListener.h */ = {isa = PBXFileReference; fileEncoding = 4; lastKnownFileType = sourcecode.c.h; path = OneTokEventsListener.h; sourceTree = "<group>"; };
		43424FF916C41D39001104FB /* OneTokException.h */ = {isa = PBXFileReference; fileEncoding = 4; lastKnownFileType = sourcecode.c.h; path = OneTokException.h; sourceTree = "<group>"; };
		43424FFA16C41D39001104FB /* OneTokObjectsProxy.h */ = {isa = PBXFileReference; fileEncoding = 4; lastKnownFileType = sourcecode.c.h; path = OneTokObjectsProxy.h; sourceTree = "<group>"; };
		43424FFB16C41D39001104FB /* PreferencesManager.h */ = {isa = PBXFileReference; fileEncoding = 4; lastKnownFileType = sourcecode.c.h; path = PreferencesManager.h; sourceTree = "<group>"; };
		43424FFC16C41D39001104FB /* RecordingSession.h */ = {isa = PBXFileReference; fileEncoding = 4; lastKnownFileType = sourcecode.c.h; path = RecordingSession.h; sourceTree = "<group>"; };
		43424FFD16C41D39001104FB /* SpeexEncoder.h */ = {isa = PBXFileReference; fileEncoding = 4; lastKnownFileType = sourcecode.c.h; path = SpeexEncoder.h; sourceTree = "<group>"; };
		43424FFE16C41D39001104FB /* WebRtcPreprocessor.h */ = {isa = PBXFileReference; fileEncoding = 4; lastKnownFileType = sourcecode.c.h; path = WebRtcPreprocessor.h; sourceTree = "<group>"; };
		436571FA15CEC08500EE1B9B /* OnetokCustomObjects.h */ = {isa = PBXFileReference; fileEncoding = 4; lastKnownFileType = sourcecode.c.h; name = OnetokCustomObjects.h; path = Classes/OnetokCustomObjects.h; sourceTree = "<group>"; };
		436571FB15CEC08500EE1B9B /* OnetokCustomObjects.m */ = {isa = PBXFileReference; fileEncoding = 4; lastKnownFileType = sourcecode.c.objc; name = OnetokCustomObjects.m; path = Classes/OnetokCustomObjects.m; sourceTree = "<group>"; };
		43A6BDB315CB2CB800A1BE92 /* libonetoksdk.iphoneos.a */ = {isa = PBXFileReference; lastKnownFileType = archive.ar; name = libonetoksdk.iphoneos.a; path = OneTokSDK/libonetoksdk.iphoneos.a; sourceTree = "<group>"; };
		43A6BDB515CB2CB800A1BE92 /* librestclient.iphoneos.a */ = {isa = PBXFileReference; lastKnownFileType = archive.ar; name = librestclient.iphoneos.a; path = OneTokSDK/librestclient.iphoneos.a; sourceTree = "<group>"; };
		43A6BDBC15CB2D3000A1BE92 /* TiOnetokSessionProxy.h */ = {isa = PBXFileReference; fileEncoding = 4; lastKnownFileType = sourcecode.c.h; name = TiOnetokSessionProxy.h; path = Classes/TiOnetokSessionProxy.h; sourceTree = "<group>"; };
		43A6BDBD15CB2D3000A1BE92 /* TiOnetokSessionProxy.m */ = {isa = PBXFileReference; fileEncoding = 4; lastKnownFileType = sourcecode.c.objc; name = TiOnetokSessionProxy.m; path = Classes/TiOnetokSessionProxy.m; sourceTree = "<group>"; };
		AA747D9E0F9514B9006C5449 /* TiOnetok_Prefix.pch */ = {isa = PBXFileReference; fileEncoding = 4; lastKnownFileType = sourcecode.c.h; path = TiOnetok_Prefix.pch; sourceTree = SOURCE_ROOT; };
		AACBBE490F95108600F1A2B1 /* Foundation.framework */ = {isa = PBXFileReference; lastKnownFileType = wrapper.framework; name = Foundation.framework; path = System/Library/Frameworks/Foundation.framework; sourceTree = SDKROOT; };
		D2AAC07E0554694100DB518D /* libTiOnetok.a */ = {isa = PBXFileReference; explicitFileType = archive.ar; includeInIndex = 0; path = libTiOnetok.a; sourceTree = BUILT_PRODUCTS_DIR; };
/* End PBXFileReference section */

/* Begin PBXFrameworksBuildPhase section */
		D2AAC07C0554694100DB518D /* Frameworks */ = {
			isa = PBXFrameworksBuildPhase;
			buildActionMask = 2147483647;
			files = (
				4311A77B15CF2A92008C7BA8 /* AudioUnit.framework in Frameworks */,
				4311A77615CF27DE008C7BA8 /* AudioToolbox.framework in Frameworks */,
				4311A77815CF27DE008C7BA8 /* CoreAudio.framework in Frameworks */,
				43A6BDB715CB2CB800A1BE92 /* libonetoksdk.iphoneos.a in Frameworks */,
				43A6BDB915CB2CB800A1BE92 /* librestclient.iphoneos.a in Frameworks */,
				AACBBE4A0F95108600F1A2B1 /* Foundation.framework in Frameworks */,
			);
			runOnlyForDeploymentPostprocessing = 0;
		};
/* End PBXFrameworksBuildPhase section */

/* Begin PBXGroup section */
		034768DFFF38A50411DB9C8B /* Products */ = {
			isa = PBXGroup;
			children = (
				D2AAC07E0554694100DB518D /* libTiOnetok.a */,
			);
			name = Products;
			sourceTree = "<group>";
		};
		0867D691FE84028FC02AAC07 /* onetok */ = {
			isa = PBXGroup;
			children = (
				4311A77A15CF2A92008C7BA8 /* AudioUnit.framework */,
				4365720815CEC7BB00EE1B9B /* OneTok */,
				08FB77AEFE84172EC02AAC07 /* Classes */,
				32C88DFF0371C24200C91783 /* Other Sources */,
				0867D69AFE84028FC02AAC07 /* Frameworks */,
				034768DFFF38A50411DB9C8B /* Products */,
			);
			name = onetok;
			sourceTree = "<group>";
		};
		0867D69AFE84028FC02AAC07 /* Frameworks */ = {
			isa = PBXGroup;
			children = (
				4311A77315CF27DE008C7BA8 /* AudioToolbox.framework */,
				4311A77515CF27DE008C7BA8 /* CoreAudio.framework */,
				AACBBE490F95108600F1A2B1 /* Foundation.framework */,
			);
			name = Frameworks;
			sourceTree = "<group>";
		};
		08FB77AEFE84172EC02AAC07 /* Classes */ = {
			isa = PBXGroup;
			children = (
				436571FA15CEC08500EE1B9B /* OnetokCustomObjects.h */,
				436571FB15CEC08500EE1B9B /* OnetokCustomObjects.m */,
				24DE9E0F11C5FE74003F90F6 /* TiOnetokModuleAssets.h */,
				24DE9E1011C5FE74003F90F6 /* TiOnetokModuleAssets.m */,
				24DD6CF71134B3F500162E58 /* TiOnetokModule.h */,
				24DD6CF81134B3F500162E58 /* TiOnetokModule.m */,
				43A6BDBC15CB2D3000A1BE92 /* TiOnetokSessionProxy.h */,
				43A6BDBD15CB2D3000A1BE92 /* TiOnetokSessionProxy.m */,
			);
			name = Classes;
			sourceTree = "<group>";
		};
		32C88DFF0371C24200C91783 /* Other Sources */ = {
			isa = PBXGroup;
			children = (
				AA747D9E0F9514B9006C5449 /* TiOnetok_Prefix.pch */,
				24DD6D1B1134B66800162E58 /* titanium.xcconfig */,
			);
			name = "Other Sources";
			sourceTree = "<group>";
		};
		43424FEE16C41D39001104FB /* include */ = {
			isa = PBXGroup;
			children = (
				43424FEF16C41D39001104FB /* OneTok */,
			);
			name = include;
			path = OneTokSDK/include;
			sourceTree = "<group>";
		};
		43424FEF16C41D39001104FB /* OneTok */ = {
			isa = PBXGroup;
			children = (
				43424FF016C41D39001104FB /* AnalysisResult.h */,
				43424FF116C41D39001104FB /* AudioProcessingPipeline.h */,
				43424FF216C41D39001104FB /* AudioRecordingProcessor.h */,
				43424FF316C41D39001104FB /* AuthenticationToken.h */,
				43424FF416C41D39001104FB /* NetworkContext.h */,
				43424FF516C41D39001104FB /* NetworkServicesProvider.h */,
				43424FF616C41D39001104FB /* NetworkTransferProvider.h */,
				43424FF716C41D39001104FB /* OneTok.h */,
				43424FF816C41D39001104FB /* OneTokEventsListener.h */,
				43424FF916C41D39001104FB /* OneTokException.h */,
				43424FFA16C41D39001104FB /* OneTokObjectsProxy.h */,
				43424FFB16C41D39001104FB /* PreferencesManager.h */,
				43424FFC16C41D39001104FB /* RecordingSession.h */,
				43424FFD16C41D39001104FB /* SpeexEncoder.h */,
				43424FFE16C41D39001104FB /* WebRtcPreprocessor.h */,
			);
			path = OneTok;
			sourceTree = "<group>";
		};
		4365720815CEC7BB00EE1B9B /* OneTok */ = {
			isa = PBXGroup;
			children = (
				43424FEE16C41D39001104FB /* include */,
				43A6BDB315CB2CB800A1BE92 /* libonetoksdk.iphoneos.a */,
				43A6BDB515CB2CB800A1BE92 /* librestclient.iphoneos.a */,
			);
			name = OneTok;
			sourceTree = "<group>";
		};
/* End PBXGroup section */

/* Begin PBXHeadersBuildPhase section */
		D2AAC07A0554694100DB518D /* Headers */ = {
			isa = PBXHeadersBuildPhase;
			buildActionMask = 2147483647;
			files = (
				AA747D9F0F9514B9006C5449 /* TiOnetok_Prefix.pch in Headers */,
				24DD6CF91134B3F500162E58 /* TiOnetokModule.h in Headers */,
				24DE9E1111C5FE74003F90F6 /* TiOnetokModuleAssets.h in Headers */,
				43A6BDBE15CB2D3000A1BE92 /* TiOnetokSessionProxy.h in Headers */,
				436571FC15CEC08500EE1B9B /* OnetokCustomObjects.h in Headers */,
				43424FFF16C41D39001104FB /* AnalysisResult.h in Headers */,
				4342500016C41D39001104FB /* AudioProcessingPipeline.h in Headers */,
				4342500116C41D39001104FB /* AudioRecordingProcessor.h in Headers */,
				4342500216C41D39001104FB /* AuthenticationToken.h in Headers */,
				4342500316C41D39001104FB /* NetworkContext.h in Headers */,
				4342500416C41D39001104FB /* NetworkServicesProvider.h in Headers */,
				4342500516C41D39001104FB /* NetworkTransferProvider.h in Headers */,
				4342500616C41D39001104FB /* OneTok.h in Headers */,
				4342500716C41D39001104FB /* OneTokEventsListener.h in Headers */,
				4342500816C41D39001104FB /* OneTokException.h in Headers */,
				4342500916C41D39001104FB /* OneTokObjectsProxy.h in Headers */,
				4342500A16C41D39001104FB /* PreferencesManager.h in Headers */,
				4342500B16C41D39001104FB /* RecordingSession.h in Headers */,
				4342500C16C41D39001104FB /* SpeexEncoder.h in Headers */,
				4342500D16C41D39001104FB /* WebRtcPreprocessor.h in Headers */,
			);
			runOnlyForDeploymentPostprocessing = 0;
		};
/* End PBXHeadersBuildPhase section */

/* Begin PBXNativeTarget section */
		D2AAC07D0554694100DB518D /* onetok */ = {
			isa = PBXNativeTarget;
			buildConfigurationList = 1DEB921E08733DC00010E9CD /* Build configuration list for PBXNativeTarget "onetok" */;
			buildPhases = (
				D2AAC07A0554694100DB518D /* Headers */,
				D2AAC07B0554694100DB518D /* Sources */,
				D2AAC07C0554694100DB518D /* Frameworks */,
			);
			buildRules = (
			);
			dependencies = (
			);
			name = onetok;
			productName = onetok;
			productReference = D2AAC07E0554694100DB518D /* libTiOnetok.a */;
			productType = "com.apple.product-type.library.static";
		};
/* End PBXNativeTarget section */

/* Begin PBXProject section */
		0867D690FE84028FC02AAC07 /* Project object */ = {
			isa = PBXProject;
			buildConfigurationList = 1DEB922208733DC00010E9CD /* Build configuration list for PBXProject "onetok" */;
			compatibilityVersion = "Xcode 3.1";
			developmentRegion = English;
			hasScannedForEncodings = 1;
			knownRegions = (
				English,
				Japanese,
				French,
				German,
			);
			mainGroup = 0867D691FE84028FC02AAC07 /* onetok */;
			productRefGroup = 034768DFFF38A50411DB9C8B /* Products */;
			projectDirPath = "";
			projectRoot = "";
			targets = (
				D2AAC07D0554694100DB518D /* onetok */,
				24416B8111C4CA220047AFDD /* Build & Test */,
			);
		};
/* End PBXProject section */

/* Begin PBXShellScriptBuildPhase section */
		24416B8011C4CA220047AFDD /* ShellScript */ = {
			isa = PBXShellScriptBuildPhase;
			buildActionMask = 2147483647;
			files = (
			);
			inputPaths = (
			);
			outputPaths = (
			);
			runOnlyForDeploymentPostprocessing = 0;
			shellPath = /bin/sh;
			shellScript = "# shell script goes here\n\npython \"${TITANIUM_SDK}/titanium.py\" run --dir=\"${PROJECT_DIR}\"\nexit $?\n";
		};
/* End PBXShellScriptBuildPhase section */

/* Begin PBXSourcesBuildPhase section */
		D2AAC07B0554694100DB518D /* Sources */ = {
			isa = PBXSourcesBuildPhase;
			buildActionMask = 2147483647;
			files = (
				24DD6CFA1134B3F500162E58 /* TiOnetokModule.m in Sources */,
				24DE9E1211C5FE74003F90F6 /* TiOnetokModuleAssets.m in Sources */,
				43A6BDBF15CB2D3000A1BE92 /* TiOnetokSessionProxy.m in Sources */,
				436571FD15CEC08500EE1B9B /* OnetokCustomObjects.m in Sources */,
			);
			runOnlyForDeploymentPostprocessing = 0;
		};
/* End PBXSourcesBuildPhase section */

/* Begin PBXTargetDependency section */
		24416B8511C4CA280047AFDD /* PBXTargetDependency */ = {
			isa = PBXTargetDependency;
			target = D2AAC07D0554694100DB518D /* onetok */;
			targetProxy = 24416B8411C4CA280047AFDD /* PBXContainerItemProxy */;
		};
/* End PBXTargetDependency section */

/* Begin XCBuildConfiguration section */
		1DEB921F08733DC00010E9CD /* Debug */ = {
			isa = XCBuildConfiguration;
			baseConfigurationReference = 24DD6D1B1134B66800162E58 /* titanium.xcconfig */;
			buildSettings = {
				ARCHS = (
					armv6,
					armv7,
				);
				"ARCHS[sdk=iphoneos*]" = (
					armv6,
					armv7,
				);
				"ARCHS[sdk=iphonesimulator*]" = i386;
				CODE_SIGN_IDENTITY = "iPhone Developer";
				"CODE_SIGN_IDENTITY[sdk=iphoneos*]" = "iPhone Developer";
				DSTROOT = /tmp/TiOnetok.dst;
				GCC_C_LANGUAGE_STANDARD = c99;
				GCC_OPTIMIZATION_LEVEL = 0;
				GCC_PRECOMPILE_PREFIX_HEADER = YES;
				GCC_PREFIX_HEADER = TiOnetok_Prefix.pch;
				GCC_PREPROCESSOR_DEFINITIONS = "TI_VERSION=$(TI_VERSION)";
				GCC_TREAT_WARNINGS_AS_ERRORS = NO;
				GCC_VERSION = "";
				GCC_WARN_ABOUT_RETURN_TYPE = NO;
				GCC_WARN_MISSING_PARENTHESES = NO;
				GCC_WARN_SHADOW = NO;
				GCC_WARN_STRICT_SELECTOR_MATCH = NO;
				GCC_WARN_UNUSED_FUNCTION = YES;
				GCC_WARN_UNUSED_PARAMETER = NO;
				GCC_WARN_UNUSED_VALUE = NO;
				GCC_WARN_UNUSED_VARIABLE = NO;
				HEADER_SEARCH_PATHS = (
					"$(SRCROOT)/OneTokSDK/include/**",
					"$(TITANIUM_BASE_SDK)",
					"$(TITANIUM_BASE_SDK2)",
				);
				INSTALL_PATH = /usr/local/lib;
				LIBRARY_SEARCH_PATHS = (
					"$(inherited)",
					"\"$(SRCROOT)/OneTokSDK\"",
				);
				OTHER_CFLAGS = (
					"-DDEBUG",
					"-DTI_POST_1_2",
				);
				OTHER_LDFLAGS = "-ObjC";
				PRODUCT_NAME = TiOnetok;
				PROVISIONING_PROFILE = "";
				"PROVISIONING_PROFILE[sdk=iphoneos*]" = "";
				RUN_CLANG_STATIC_ANALYZER = NO;
				SDKROOT = iphoneos;
				USER_HEADER_SEARCH_PATHS = "";
			};
			name = Debug;
		};
		1DEB922008733DC00010E9CD /* Release */ = {
			isa = XCBuildConfiguration;
			baseConfigurationReference = 24DD6D1B1134B66800162E58 /* titanium.xcconfig */;
			buildSettings = {
				ALWAYS_SEARCH_USER_PATHS = NO;
				ARCHS = (
					armv6,
					armv7,
				);
				"ARCHS[sdk=iphoneos*]" = (
					armv6,
					armv7,
				);
				"ARCHS[sdk=iphonesimulator*]" = i386;
				DSTROOT = /tmp/TiOnetok.dst;
				GCC_C_LANGUAGE_STANDARD = c99;
				GCC_MODEL_TUNING = G5;
				GCC_PRECOMPILE_PREFIX_HEADER = YES;
				GCC_PREFIX_HEADER = TiOnetok_Prefix.pch;
				GCC_PREPROCESSOR_DEFINITIONS = "TI_VERSION=$(TI_VERSION)";
				GCC_TREAT_WARNINGS_AS_ERRORS = NO;
				GCC_VERSION = "";
				GCC_WARN_ABOUT_RETURN_TYPE = NO;
				GCC_WARN_MISSING_PARENTHESES = NO;
				GCC_WARN_SHADOW = NO;
				GCC_WARN_STRICT_SELECTOR_MATCH = NO;
				GCC_WARN_UNUSED_FUNCTION = YES;
				GCC_WARN_UNUSED_PARAMETER = NO;
				GCC_WARN_UNUSED_VALUE = NO;
				GCC_WARN_UNUSED_VARIABLE = NO;
				HEADER_SEARCH_PATHS = (
					"$(SRCROOT)/OneTokSDK/include/**",
					"$(TITANIUM_BASE_SDK)",
					"$(TITANIUM_BASE_SDK2)",
				);
				INSTALL_PATH = /usr/local/lib;
				IPHONEOS_DEPLOYMENT_TARGET = 4.0;
				LIBRARY_SEARCH_PATHS = (
					"$(inherited)",
					"\"$(SRCROOT)/OneTokSDK\"",
				);
				OTHER_CFLAGS = "-DTI_POST_1_2";
				OTHER_LDFLAGS = "-ObjC";
				PRODUCT_NAME = TiOnetok;
				RUN_CLANG_STATIC_ANALYZER = NO;
				SDKROOT = iphoneos;
				USER_HEADER_SEARCH_PATHS = "";
			};
			name = Release;
		};
		1DEB922308733DC00010E9CD /* Debug */ = {
			isa = XCBuildConfiguration;
			baseConfigurationReference = 24DD6D1B1134B66800162E58 /* titanium.xcconfig */;
			buildSettings = {
				ARCHS = (
					armv6,
					armv7,
				);
				"ARCHS[sdk=iphoneos*]" = (
					armv6,
					armv7,
				);
				"ARCHS[sdk=iphonesimulator*]" = i386;
				CODE_SIGN_IDENTITY = "iPhone Developer";
				"CODE_SIGN_IDENTITY[sdk=iphoneos*]" = "iPhone Developer";
				DSTROOT = /tmp/TiOnetok.dst;
				GCC_C_LANGUAGE_STANDARD = c99;
				GCC_OPTIMIZATION_LEVEL = 0;
				GCC_PRECOMPILE_PREFIX_HEADER = YES;
				GCC_PREFIX_HEADER = TiOnetok_Prefix.pch;
				GCC_PREPROCESSOR_DEFINITIONS = "TI_VERSION=$(TI_VERSION)";
				GCC_TREAT_WARNINGS_AS_ERRORS = NO;
				GCC_VERSION = "";
				GCC_WARN_ABOUT_RETURN_TYPE = NO;
				GCC_WARN_MISSING_PARENTHESES = NO;
				GCC_WARN_SHADOW = NO;
				GCC_WARN_STRICT_SELECTOR_MATCH = NO;
				GCC_WARN_UNUSED_FUNCTION = YES;
				GCC_WARN_UNUSED_PARAMETER = NO;
				GCC_WARN_UNUSED_VALUE = NO;
				GCC_WARN_UNUSED_VARIABLE = NO;
				INSTALL_PATH = /usr/local/lib;
				OTHER_CFLAGS = (
					"-DDEBUG",
					"-DTI_POST_1_2",
				);
				OTHER_LDFLAGS = "-ObjC";
				PRODUCT_NAME = TiOnetok;
				PROVISIONING_PROFILE = "";
				"PROVISIONING_PROFILE[sdk=iphoneos*]" = "";
				RUN_CLANG_STATIC_ANALYZER = NO;
				SDKROOT = iphoneos;
				USER_HEADER_SEARCH_PATHS = "";
			};
			name = Debug;
		};
		1DEB922408733DC00010E9CD /* Release */ = {
			isa = XCBuildConfiguration;
			baseConfigurationReference = 24DD6D1B1134B66800162E58 /* titanium.xcconfig */;
			buildSettings = {
				ALWAYS_SEARCH_USER_PATHS = NO;
				ARCHS = (
					armv6,
					armv7,
				);
				"ARCHS[sdk=iphoneos*]" = (
					armv6,
					armv7,
				);
				"ARCHS[sdk=iphonesimulator*]" = i386;
				DSTROOT = /tmp/TiOnetok.dst;
				GCC_C_LANGUAGE_STANDARD = c99;
				GCC_MODEL_TUNING = G5;
				GCC_PRECOMPILE_PREFIX_HEADER = YES;
				GCC_PREFIX_HEADER = TiOnetok_Prefix.pch;
				GCC_PREPROCESSOR_DEFINITIONS = "TI_VERSION=$(TI_VERSION)";
				GCC_TREAT_WARNINGS_AS_ERRORS = NO;
				GCC_VERSION = "";
				GCC_WARN_ABOUT_RETURN_TYPE = NO;
				GCC_WARN_MISSING_PARENTHESES = NO;
				GCC_WARN_SHADOW = NO;
				GCC_WARN_STRICT_SELECTOR_MATCH = NO;
				GCC_WARN_UNUSED_FUNCTION = YES;
				GCC_WARN_UNUSED_PARAMETER = NO;
				GCC_WARN_UNUSED_VALUE = NO;
				GCC_WARN_UNUSED_VARIABLE = NO;
				INSTALL_PATH = /usr/local/lib;
				IPHONEOS_DEPLOYMENT_TARGET = 4.0;
				OTHER_CFLAGS = "-DTI_POST_1_2";
				OTHER_LDFLAGS = "-ObjC";
				PRODUCT_NAME = TiOnetok;
				RUN_CLANG_STATIC_ANALYZER = NO;
				SDKROOT = iphoneos;
				USER_HEADER_SEARCH_PATHS = "";
			};
			name = Release;
		};
		24416B8211C4CA220047AFDD /* Debug */ = {
			isa = XCBuildConfiguration;
			baseConfigurationReference = 24DD6D1B1134B66800162E58 /* titanium.xcconfig */;
			buildSettings = {
				COPY_PHASE_STRIP = NO;
				GCC_DYNAMIC_NO_PIC = NO;
				GCC_OPTIMIZATION_LEVEL = 0;
				PRODUCT_NAME = "Build & test";
			};
			name = Debug;
		};
		24416B8311C4CA220047AFDD /* Release */ = {
			isa = XCBuildConfiguration;
			baseConfigurationReference = 24DD6D1B1134B66800162E58 /* titanium.xcconfig */;
			buildSettings = {
				COPY_PHASE_STRIP = YES;
				DEBUG_INFORMATION_FORMAT = "dwarf-with-dsym";
				GCC_ENABLE_FIX_AND_CONTINUE = NO;
				PRODUCT_NAME = "Build & test";
				ZERO_LINK = NO;
			};
			name = Release;
		};
/* End XCBuildConfiguration section */

/* Begin XCConfigurationList section */
		1DEB921E08733DC00010E9CD /* Build configuration list for PBXNativeTarget "onetok" */ = {
			isa = XCConfigurationList;
			buildConfigurations = (
				1DEB921F08733DC00010E9CD /* Debug */,
				1DEB922008733DC00010E9CD /* Release */,
			);
			defaultConfigurationIsVisible = 0;
			defaultConfigurationName = Release;
		};
		1DEB922208733DC00010E9CD /* Build configuration list for PBXProject "onetok" */ = {
			isa = XCConfigurationList;
			buildConfigurations = (
				1DEB922308733DC00010E9CD /* Debug */,
				1DEB922408733DC00010E9CD /* Release */,
			);
			defaultConfigurationIsVisible = 0;
			defaultConfigurationName = Release;
		};
		24416B8A11C4CA520047AFDD /* Build configuration list for PBXAggregateTarget "Build & Test" */ = {
			isa = XCConfigurationList;
			buildConfigurations = (
				24416B8211C4CA220047AFDD /* Debug */,
				24416B8311C4CA220047AFDD /* Release */,
			);
			defaultConfigurationIsVisible = 0;
			defaultConfigurationName = Release;
		};
/* End XCConfigurationList section */
	};
	rootObject = 0867D690FE84028FC02AAC07 /* Project object */;
}
